
Microsoft Visual Studio Solution File, Format Version 12.00
# Visual Studio Version 17
VisualStudioVersion = 17.4.33213.308
MinimumVisualStudioVersion = 10.0.40219.1
Project("{FAE04EC0-301F-11D3-BF4B-00C04F79EFBC}") = "Accessibility", "Accessibility\Accessibility.csproj", "{76307773-D0F3-445F-8973-C274197DB8CA}"
EndProject
Project("{FAE04EC0-301F-11D3-BF4B-00C04F79EFBC}") = "Booking", "Booking\Booking.csproj", "{E053D9A4-B740-4A0C-9169-D2AF4F90ADCC}"
EndProject
Project("{FAE04EC0-301F-11D3-BF4B-00C04F79EFBC}") = "AfterBooking", "AfterBooking\AfterBooking.csproj", "{31055542-AA14-41B1-A3A5-23C0512991EF}"
EndProject
Global
	GlobalSection(SolutionConfigurationPlatforms) = preSolution
		Debug|Any CPU = Debug|Any CPU
		Release|Any CPU = Release|Any CPU
	EndGlobalSection
	GlobalSection(ProjectConfigurationPlatforms) = postSolution
		{76307773-D0F3-445F-8973-C274197DB8CA}.Debug|Any CPU.ActiveCfg = Debug|Any CPU
		{76307773-D0F3-445F-8973-C274197DB8CA}.Debug|Any CPU.Build.0 = Debug|Any CPU
		{76307773-D0F3-445F-8973-C274197DB8CA}.Release|Any CPU.ActiveCfg = Release|Any CPU
		{76307773-D0F3-445F-8973-C274197DB8CA}.Release|Any CPU.Build.0 = Release|Any CPU
		{E053D9A4-B740-4A0C-9169-D2AF4F90ADCC}.Debug|Any CPU.ActiveCfg = Debug|Any CPU
		{E053D9A4-B740-4A0C-9169-D2AF4F90ADCC}.Debug|Any CPU.Build.0 = Debug|Any CPU
		{E053D9A4-B740-4A0C-9169-D2AF4F90ADCC}.Release|Any CPU.ActiveCfg = Release|Any CPU
		{E053D9A4-B740-4A0C-9169-D2AF4F90ADCC}.Release|Any CPU.Build.0 = Release|Any CPU
		{31055542-AA14-41B1-A3A5-23C0512991EF}.Debug|Any CPU.ActiveCfg = Debug|Any CPU
		{31055542-AA14-41B1-A3A5-23C0512991EF}.Debug|Any CPU.Build.0 = Debug|Any CPU
		{31055542-AA14-41B1-A3A5-23C0512991EF}.Release|Any CPU.ActiveCfg = Release|Any CPU
		{31055542-AA14-41B1-A3A5-23C0512991EF}.Release|Any CPU.Build.0 = Release|Any CPU
	EndGlobalSection
	GlobalSection(SolutionProperties) = preSolution
		HideSolutionNode = FALSE
	EndGlobalSection
	GlobalSection(ExtensibilityGlobals) = postSolution
		SolutionGuid = {8861E2A3-EC8C-4CA2-93D0-0D7C45020BE2}
	EndGlobalSection
EndGlobal
